lockfileVersion: '9.0'

settings:
  autoInstallPeers: true
  excludeLinksFromLockfile: false

importers:

  .:
    devDependencies:
      '@yohns/picocss':
        specifier: ^2.2.9
        version: 2.2.10

packages:

  '@yohns/picocss@2.2.10':
    resolution: {integrity: sha512-UM+U4gr7D86kQPyfvzzSLUghgSBcMKoI3F7BnS/Xt9Zwsya0RV+EgcPAe+NESqkYPghxq2TTS4ir84fJNNXN+Q==}
    engines: {node: '>=20'}

snapshots:

  '@yohns/picocss@2.2.10': {}
